// !$*UTF8*$!
{
	archiveVersion = 1;
	classes = {
	};
	objectVersion = 46;
	objects = {

/* Begin PBXBuildFile section */
		141081501D91EBC200304BEF /* TimePodTableViewCell.swift in Sources */ = {isa = PBXBuildFile; fileRef = 1410814F1D91EBC200304BEF /* TimePodTableViewCell.swift */; };
		1415787B1D8211BF00454F01 /* AppDelegate.swift in Sources */ = {isa = PBXBuildFile; fileRef = 1415787A1D8211BF00454F01 /* AppDelegate.swift */; };
		1415787D1D8211BF00454F01 /* ViewController.swift in Sources */ = {isa = PBXBuildFile; fileRef = 1415787C1D8211BF00454F01 /* ViewController.swift */; };
		141578801D8211BF00454F01 /* Main.storyboard in Resources */ = {isa = PBXBuildFile; fileRef = 1415787E1D8211BF00454F01 /* Main.storyboard */; };
		141578821D8211BF00454F01 /* Assets.xcassets in Resources */ = {isa = PBXBuildFile; fileRef = 141578811D8211BF00454F01 /* Assets.xcassets */; };
		141578851D8211BF00454F01 /* LaunchScreen.storyboard in Resources */ = {isa = PBXBuildFile; fileRef = 141578831D8211BF00454F01 /* LaunchScreen.storyboard */; };
		144359E31D836ACA00D72FB4 /* Pod.swift in Sources */ = {isa = PBXBuildFile; fileRef = 144359E21D836ACA00D72FB4 /* Pod.swift */; };
/* End PBXBuildFile section */

/* Begin PBXFileReference section */
		1410814F1D91EBC200304BEF /* TimePodTableViewCell.swift */ = {isa = PBXFileReference; fileEncoding = 4; lastKnownFileType = sourcecode.swift; path = TimePodTableViewCell.swift; sourceTree = "<group>"; };
		141578771D8211BF00454F01 /* TimePods.app */ = {isa = PBXFileReference; explicitFileType = wrapper.application; includeInIndex = 0; path = TimePods.app; sourceTree = BUILT_PRODUCTS_DIR; };
		1415787A1D8211BF00454F01 /* AppDelegate.swift */ = {isa = PBXFileReference; lastKnownFileType = sourcecode.swift; path = AppDelegate.swift; sourceTree = "<group>"; };
		1415787C1D8211BF00454F01 /* ViewController.swift */ = {isa = PBXFileReference; lastKnownFileType = sourcecode.swift; path = ViewController.swift; sourceTree = "<group>"; };
		1415787F1D8211BF00454F01 /* Base */ = {isa = PBXFileReference; lastKnownFileType = file.storyboard; name = Base; path = Base.lproj/Main.storyboard; sourceTree = "<group>"; };
		141578811D8211BF00454F01 /* Assets.xcassets */ = {isa = PBXFileReference; lastKnownFileType = folder.assetcatalog; path = Assets.xcassets; sourceTree = "<group>"; };
		141578841D8211BF00454F01 /* Base */ = {isa = PBXFileReference; lastKnownFileType = file.storyboard; name = Base; path = Base.lproj/LaunchScreen.storyboard; sourceTree = "<group>"; };
		141578861D8211BF00454F01 /* Info.plist */ = {isa = PBXFileReference; lastKnownFileType = text.plist.xml; path = Info.plist; sourceTree = "<group>"; };
		144359E21D836ACA00D72FB4 /* Pod.swift */ = {isa = PBXFileReference; fileEncoding = 4; lastKnownFileType = sourcecode.swift; path = Pod.swift; sourceTree = "<group>"; };
/* End PBXFileReference section */

/* Begin PBXFrameworksBuildPhase section */
		141578741D8211BF00454F01 /* Frameworks */ = {
			isa = PBXFrameworksBuildPhase;
			buildActionMask = 2147483647;
			files = (
			);
			runOnlyForDeploymentPostprocessing = 0;
		};
/* End PBXFrameworksBuildPhase section */

/* Begin PBXGroup section */
		1415786E1D8211BF00454F01 = {
			isa = PBXGroup;
			children = (
				141578791D8211BF00454F01 /* TimePods */,
				141578781D8211BF00454F01 /* Products */,
			);
			sourceTree = "<group>";
		};
		141578781D8211BF00454F01 /* Products */ = {
			isa = PBXGroup;
			children = (
				141578771D8211BF00454F01 /* TimePods.app */,
			);
			name = Products;
			sourceTree = "<group>";
		};
		141578791D8211BF00454F01 /* TimePods */ = {
			isa = PBXGroup;
			children = (
				1410814F1D91EBC200304BEF /* TimePodTableViewCell.swift */,
				1415787A1D8211BF00454F01 /* AppDelegate.swift */,
				1415787C1D8211BF00454F01 /* ViewController.swift */,
				1415787E1D8211BF00454F01 /* Main.storyboard */,
				141578811D8211BF00454F01 /* Assets.xcassets */,
				141578831D8211BF00454F01 /* LaunchScreen.storyboard */,
				141578861D8211BF00454F01 /* Info.plist */,
				144359E21D836ACA00D72FB4 /* Pod.swift */,
			);
			path = TimePods;
			sourceTree = "<group>";
		};
/* End PBXGroup section */

/* Begin PBXNativeTarget section */
		141578761D8211BF00454F01 /* TimePods */ = {
			isa = PBXNativeTarget;
			buildConfigurationList = 141578891D8211BF00454F01 /* Build configuration list for PBXNativeTarget "TimePods" */;
			buildPhases = (
				141578731D8211BF00454F01 /* Sources */,
				141578741D8211BF00454F01 /* Frameworks */,
				141578751D8211BF00454F01 /* Resources */,
			);
			buildRules = (
			);
			dependencies = (
			);
			name = TimePods;
			productName = TimePods;
			productReference = 141578771D8211BF00454F01 /* TimePods.app */;
			productType = "com.apple.product-type.application";
		};
/* End PBXNativeTarget section */

/* Begin PBXProject section */
		1415786F1D8211BF00454F01 /* Project object */ = {
			isa = PBXProject;
			attributes = {
				LastSwiftUpdateCheck = 0730;
				LastUpgradeCheck = 0800;
				ORGANIZATIONNAME = "Sean Chong";
				TargetAttributes = {
					141578761D8211BF00454F01 = {
						CreatedOnToolsVersion = 7.3.1;
						DevelopmentTeam = 98XE97X9Q4;
						LastSwiftMigration = 0800;
					};
				};
			};
			buildConfigurationList = 141578721D8211BF00454F01 /* Build configuration list for PBXProject "TimePods" */;
			compatibilityVersion = "Xcode 3.2";
			developmentRegion = English;
			hasScannedForEncodings = 0;
			knownRegions = (
				en,
				Base,
			);
			mainGroup = 1415786E1D8211BF00454F01;
			productRefGroup = 141578781D8211BF00454F01 /* Products */;
			projectDirPath = "";
			projectRoot = "";
			targets = (
				141578761D8211BF00454F01 /* TimePods */,
			);
		};
/* End PBXProject section */

/* Begin PBXResourcesBuildPhase section */
		141578751D8211BF00454F01 /* Resources */ = {
			isa = PBXResourcesBuildPhase;
			buildActionMask = 2147483647;
			files = (
				141578851D8211BF00454F01 /* LaunchScreen.storyboard in Resources */,
				141578821D8211BF00454F01 /* Assets.xcassets in Resources */,
				141578801D8211BF00454F01 /* Main.storyboard in Resources */,
			);
			runOnlyForDeploymentPostprocessing = 0;
		};
/* End PBXResourcesBuildPhase section */

/* Begin PBXSourcesBuildPhase section */
		141578731D8211BF00454F01 /* Sources */ = {
			isa = PBXSourcesBuildPhase;
			buildActionMask = 2147483647;
			files = (
				144359E31D836ACA00D72FB4 /* Pod.swift in Sources */,
				1415787D1D8211BF00454F01 /* ViewController.swift in Sources */,
				141081501D91EBC200304BEF /* TimePodTableViewCell.swift in Sources */,
				1415787B1D8211BF00454F01 /* AppDelegate.swift in Sources */,
			);
			runOnlyForDeploymentPostprocessing = 0;
		};
/* End PBXSourcesBuildPhase section */

/* Begin PBXVariantGroup section */
		1415787E1D8211BF00454F01 /* Main.storyboard */ = {
			isa = PBXVariantGroup;
			children = (
				1415787F1D8211BF00454F01 /* Base */,
			);
			name = Main.storyboard;
			sourceTree = "<group>";
		};
		141578831D8211BF00454F01 /* LaunchScreen.storyboard */ = {
			isa = PBXVariantGroup;
			children = (
				141578841D8211BF00454F01 /* Base */,
			);
			name = LaunchScreen.storyboard;
			sourceTree = "<group>";
		};
/* End PBXVariantGroup section */

/* Begin XCBuildConfiguration section */
		141578871D8211BF00454F01 /* Debug */ = {
			isa = XCBuildConfiguration;
			buildSettings = {
				ALWAYS_SEARCH_USER_PATHS = NO;
				CLANG_ANALYZER_NONNULL = YES;
				CLANG_CXX_LANGUAGE_STANDARD = "gnu++0x";
				CLANG_CXX_LIBRARY = "libc++";
				CLANG_ENABLE_MODULES = YES;
				CLANG_ENABLE_OBJC_ARC = YES;
				CLANG_WARN_BOOL_CONVERSION = YES;
				CLANG_WARN_CONSTANT_CONVERSION = YES;
				CLANG_WARN_DIRECT_OBJC_ISA_USAGE = YES_ERROR;
				CLANG_WARN_EMPTY_BODY = YES;
				CLANG_WARN_ENUM_CONVERSION = YES;
				CLANG_WARN_INFINITE_RECURSION = YES;
				CLANG_WARN_INT_CONVERSION = YES;
				CLANG_WARN_OBJC_ROOT_CLASS = YES_ERROR;
				CLANG_WARN_SUSPICIOUS_MOVE = YES;
				CLANG_WARN_UNREACHABLE_CODE = YES;
				CLANG_WARN__DUPLICATE_METHOD_MATCH = YES;
				CODE_SIGN_IDENTITY = "iPhone Developer";
				"CODE_SIGN_IDENTITY[sdk=iphoneos*]" = "iPhone Developer";
				COPY_PHASE_STRIP = NO;
				DEBUG_INFORMATION_FORMAT = dwarf;
				DEVELOPMENT_TEAM = 98XE97X9Q4;
				ENABLE_STRICT_OBJC_MSGSEND = YES;
				ENABLE_TESTABILITY = YES;
				GCC_C_LANGUAGE_STANDARD = gnu99;
				GCC_DYNAMIC_NO_PIC = NO;
				GCC_NO_COMMON_BLOCKS = YES;
				GCC_OPTIMIZATION_LEVEL = 0;
				GCC_PREPROCESSOR_DEFINITIONS = (
					"DEBUG=1",
					"$(inherited)",
				);
				GCC_WARN_64_TO_32_BIT_CONVERSION = YES;
				GCC_WARN_ABOUT_RETURN_TYPE = YES_ERROR;
				GCC_WARN_UNDECLARED_SELECTOR = YES;
				GCC_WARN_UNINITIALIZED_AUTOS = YES_AGGRESSIVE;
				GCC_WARN_UNUSED_FUNCTION = YES;
				GCC_WARN_UNUSED_VARIABLE = YES;
				IPHONEOS_DEPLOYMENT_TARGET = 9.3;
				MTL_ENABLE_DEBUG_INFO = YES;
				ONLY_ACTIVE_ARCH = YES;
				SDKROOT = iphoneos;
				SWIFT_OPTIMIZATION_LEVEL = "-Onone";
			};
			name = Debug;
		};
		141578881D8211BF00454F01 /* Release */ = {
			isa = XCBuildConfiguration;
			buildSettings = {
				ALWAYS_SEARCH_USER_PATHS = NO;
				CLANG_ANALYZER_NONNULL = YES;
				CLANG_CXX_LANGUAGE_STANDARD = "gnu++0x";
				CLANG_CXX_LIBRARY = "libc++";
				CLANG_ENABLE_MODULES = YES;
				CLANG_ENABLE_OBJC_ARC = YES;
				CLANG_WARN_BOOL_CONVERSION = YES;
				CLANG_WARN_CONSTANT_CONVERSION = YES;
				CLANG_WARN_DIRECT_OBJC_ISA_USAGE = YES_ERROR;
				CLANG_WARN_EMPTY_BODY = YES;
				CLANG_WARN_ENUM_CONVERSION = YES;
				CLANG_WARN_INFINITE_RECURSION = YES;
				CLANG_WARN_INT_CONVERSION = YES;
				CLANG_WARN_OBJC_ROOT_CLASS = YES_ERROR;
				CLANG_WARN_SUSPICIOUS_MOVE = YES;
				CLANG_WARN_UNREACHABLE_CODE = YES;
				CLANG_WARN__DUPLICATE_METHOD_MATCH = YES;
				CODE_SIGN_IDENTITY = "iPhone Distribution";
				"CODE_SIGN_IDENTITY[sdk=iphoneos*]" = "iPhone Distribution";
				COPY_PHASE_STRIP = NO;
				DEBUG_INFORMATION_FORMAT = "dwarf-with-dsym";
				DEVELOPMENT_TEAM = 98XE97X9Q4;
				ENABLE_NS_ASSERTIONS = NO;
				ENABLE_STRICT_OBJC_MSGSEND = YES;
				GCC_C_LANGUAGE_STANDARD = gnu99;
				GCC_NO_COMMON_BLOCKS = YES;
				GCC_WARN_64_TO_32_BIT_CONVERSION = YES;
				GCC_WARN_ABOUT_RETURN_TYPE = YES_ERROR;
				GCC_WARN_UNDECLARED_SELECTOR = YES;
				GCC_WARN_UNINITIALIZED_AUTOS = YES_AGGRESSIVE;
				GCC_WARN_UNUSED_FUNCTION = YES;
				GCC_WARN_UNUSED_VARIABLE = YES;
				IPHONEOS_DEPLOYMENT_TARGET = 9.3;
				MTL_ENABLE_DEBUG_INFO = NO;
				SDKROOT = iphoneos;
				SWIFT_OPTIMIZATION_LEVEL = "-Owholemodule";
				VALIDATE_PRODUCT = YES;
			};
			name = Release;
		};
		1415788A1D8211BF00454F01 /* Debug */ = {
			isa = XCBuildConfiguration;
			buildSettings = {
				ASSETCATALOG_COMPILER_APPICON_NAME = AppIcon;
				INFOPLIST_FILE = TimePods/Info.plist;
				LD_RUNPATH_SEARCH_PATHS = "$(inherited) @executable_path/Frameworks";
				PRODUCT_BUNDLE_IDENTIFIER = com.seanchong.TimePods;
				PRODUCT_NAME = "$(TARGET_NAME)";
				SWIFT_VERSION = 3.0;
			};
			name = Debug;
		};
		1415788B1D8211BF00454F01 /* Release */ = {
			isa = XCBuildConfiguration;
			buildSettings = {
				ASSETCATALOG_COMPILER_APPICON_NAME = AppIcon;
				INFOPLIST_FILE = TimePods/Info.plist;
				LD_RUNPATH_SEARCH_PATHS = "$(inherited) @executable_path/Frameworks";
				PRODUCT_BUNDLE_IDENTIFIER = com.seanchong.TimePods;
				PRODUCT_NAME = "$(TARGET_NAME)";
				SWIFT_VERSION = 3.0;
			};
			name = Release;
		};
/* End XCBuildConfiguration section */

/* Begin XCConfigurationList section */
		141578721D8211BF00454F01 /* Build configuration list for PBXProject "TimePods" */ = {
			isa = XCConfigurationList;
			buildConfigurations = (
				141578871D8211BF00454F01 /* Debug */,
				141578881D8211BF00454F01 /* Release */,
			);
			defaultConfigurationIsVisible = 0;
			defaultConfigurationName = Release;
		};
		141578891D8211BF00454F01 /* Build configuration list for PBXNativeTarget "TimePods" */ = {
			isa = XCConfigurationList;
			buildConfigurations = (
				1415788A1D8211BF00454F01 /* Debug */,
				1415788B1D8211BF00454F01 /* Release */,
			);
			defaultConfigurationIsVisible = 0;
			defaultConfigurationName = Release;
		};
/* End XCConfigurationList section */
	};
	rootObject = 1415786F1D8211BF00454F01 /* Project object */;
}
